// !$*UTF8*$!
{
	archiveVersion = 1;
	classes = {
	};
	objectVersion = 56;
	objects = {

/* Begin PBXBuildFile section */
		1226407A2A00F68C004D11B3 /* AppDelegate.swift in Sources */ = {isa = PBXBuildFile; fileRef = 122640792A00F68C004D11B3 /* AppDelegate.swift */; };
		1226407C2A00F68C004D11B3 /* SceneDelegate.swift in Sources */ = {isa = PBXBuildFile; fileRef = 1226407B2A00F68C004D11B3 /* SceneDelegate.swift */; };
		1226407E2A00F68C004D11B3 /* ViewController.swift in Sources */ = {isa = PBXBuildFile; fileRef = 1226407D2A00F68C004D11B3 /* ViewController.swift */; };
		122640812A00F68C004D11B3 /* Main.storyboard in Resources */ = {isa = PBXBuildFile; fileRef = 1226407F2A00F68C004D11B3 /* Main.storyboard */; };
		122640832A00F68D004D11B3 /* Assets.xcassets in Resources */ = {isa = PBXBuildFile; fileRef = 122640822A00F68D004D11B3 /* Assets.xcassets */; };
		122640862A00F68D004D11B3 /* LaunchScreen.storyboard in Resources */ = {isa = PBXBuildFile; fileRef = 122640842A00F68D004D11B3 /* LaunchScreen.storyboard */; };
		122640912A00F77A004D11B3 /* TableViewCell.swift in Sources */ = {isa = PBXBuildFile; fileRef = 1226408F2A00F77A004D11B3 /* TableViewCell.swift */; };
		122640922A00F77A004D11B3 /* TableViewCell.xib in Resources */ = {isa = PBXBuildFile; fileRef = 122640902A00F77A004D11B3 /* TableViewCell.xib */; };
		122640942A024622004D11B3 /* SecondaryViewController.swift in Sources */ = {isa = PBXBuildFile; fileRef = 122640932A024622004D11B3 /* SecondaryViewController.swift */; };
		122640972A029751004D11B3 /* ccm.svg in Resources */ = {isa = PBXBuildFile; fileRef = 122640952A029751004D11B3 /* ccm.svg */; };
		122640982A029751004D11B3 /* cce.svg in Resources */ = {isa = PBXBuildFile; fileRef = 122640962A029751004D11B3 /* cce.svg */; };
		1226409B2A0297B0004D11B3 /* PreferrenceTableViewCell.swift in Sources */ = {isa = PBXBuildFile; fileRef = 122640992A0297B0004D11B3 /* PreferrenceTableViewCell.swift */; };
		1226409C2A0297B0004D11B3 /* PreferrenceTableViewCell.xib in Resources */ = {isa = PBXBuildFile; fileRef = 1226409A2A0297B0004D11B3 /* PreferrenceTableViewCell.xib */; };
		122640A12A03847A004D11B3 /* cross.svg in Resources */ = {isa = PBXBuildFile; fileRef = 122640A02A03847A004D11B3 /* cross.svg */; };
		122640A92A03E98E004D11B3 /* person.svg in Resources */ = {isa = PBXBuildFile; fileRef = 122640A62A03E98E004D11B3 /* person.svg */; };
		122640AA2A03E98E004D11B3 /* star.svg in Resources */ = {isa = PBXBuildFile; fileRef = 122640A72A03E98E004D11B3 /* star.svg */; };
		122640AB2A03E98E004D11B3 /* path.svg in Resources */ = {isa = PBXBuildFile; fileRef = 122640A82A03E98E004D11B3 /* path.svg */; };
		122640AD2A04DD12004D11B3 /* GetGithubPublicRepoAPI.swift in Sources */ = {isa = PBXBuildFile; fileRef = 122640AC2A04DD12004D11B3 /* GetGithubPublicRepoAPI.swift */; };
		18EA8BA72A0900490053B35A /* Localizable.strings in Resources */ = {isa = PBXBuildFile; fileRef = 18EA8BA92A0900490053B35A /* Localizable.strings */; };
		A399B8EB933C7551076A8E3E /* Pods_Demo_App_1.framework in Frameworks */ = {isa = PBXBuildFile; fileRef = 522BA336A19AFF2133227EC6 /* Pods_Demo_App_1.framework */; };
/* End PBXBuildFile section */

/* Begin PBXFileReference section */
		122640762A00F68C004D11B3 /* Demo App 1.app */ = {isa = PBXFileReference; explicitFileType = wrapper.application; includeInIndex = 0; path = "Demo App 1.app"; sourceTree = BUILT_PRODUCTS_DIR; };
		122640792A00F68C004D11B3 /* AppDelegate.swift */ = {isa = PBXFileReference; lastKnownFileType = sourcecode.swift; path = AppDelegate.swift; sourceTree = "<group>"; };
		1226407B2A00F68C004D11B3 /* SceneDelegate.swift */ = {isa = PBXFileReference; lastKnownFileType = sourcecode.swift; path = SceneDelegate.swift; sourceTree = "<group>"; };
		1226407D2A00F68C004D11B3 /* ViewController.swift */ = {isa = PBXFileReference; lastKnownFileType = sourcecode.swift; path = ViewController.swift; sourceTree = "<group>"; };
		122640802A00F68C004D11B3 /* Base */ = {isa = PBXFileReference; lastKnownFileType = file.storyboard; name = Base; path = Base.lproj/Main.storyboard; sourceTree = "<group>"; };
		122640822A00F68D004D11B3 /* Assets.xcassets */ = {isa = PBXFileReference; lastKnownFileType = folder.assetcatalog; path = Assets.xcassets; sourceTree = "<group>"; };
		122640852A00F68D004D11B3 /* Base */ = {isa = PBXFileReference; lastKnownFileType = file.storyboard; name = Base; path = Base.lproj/LaunchScreen.storyboard; sourceTree = "<group>"; };
		122640872A00F68D004D11B3 /* Info.plist */ = {isa = PBXFileReference; lastKnownFileType = text.plist.xml; path = Info.plist; sourceTree = "<group>"; };
		1226408F2A00F77A004D11B3 /* TableViewCell.swift */ = {isa = PBXFileReference; lastKnownFileType = sourcecode.swift; path = TableViewCell.swift; sourceTree = "<group>"; };
		122640902A00F77A004D11B3 /* TableViewCell.xib */ = {isa = PBXFileReference; lastKnownFileType = file.xib; path = TableViewCell.xib; sourceTree = "<group>"; };
		122640932A024622004D11B3 /* SecondaryViewController.swift */ = {isa = PBXFileReference; lastKnownFileType = sourcecode.swift; path = SecondaryViewController.swift; sourceTree = "<group>"; };
		122640952A029751004D11B3 /* ccm.svg */ = {isa = PBXFileReference; fileEncoding = 4; lastKnownFileType = text; name = ccm.svg; path = ../../../../Downloads/ccm.svg; sourceTree = "<group>"; };
		122640962A029751004D11B3 /* cce.svg */ = {isa = PBXFileReference; fileEncoding = 4; lastKnownFileType = text; name = cce.svg; path = ../../../../Downloads/cce.svg; sourceTree = "<group>"; };
		122640992A0297B0004D11B3 /* PreferrenceTableViewCell.swift */ = {isa = PBXFileReference; lastKnownFileType = sourcecode.swift; path = PreferrenceTableViewCell.swift; sourceTree = "<group>"; };
		1226409A2A0297B0004D11B3 /* PreferrenceTableViewCell.xib */ = {isa = PBXFileReference; lastKnownFileType = file.xib; path = PreferrenceTableViewCell.xib; sourceTree = "<group>"; };
		122640A02A03847A004D11B3 /* cross.svg */ = {isa = PBXFileReference; fileEncoding = 4; lastKnownFileType = text; name = cross.svg; path = ../../../../Downloads/cross.svg; sourceTree = "<group>"; };
		122640A62A03E98E004D11B3 /* person.svg */ = {isa = PBXFileReference; fileEncoding = 4; lastKnownFileType = text; name = person.svg; path = ../../../../Downloads/person.svg; sourceTree = "<group>"; };
		122640A72A03E98E004D11B3 /* star.svg */ = {isa = PBXFileReference; fileEncoding = 4; lastKnownFileType = text; name = star.svg; path = ../../../../Downloads/star.svg; sourceTree = "<group>"; };
		122640A82A03E98E004D11B3 /* path.svg */ = {isa = PBXFileReference; fileEncoding = 4; lastKnownFileType = text; name = path.svg; path = ../../../../Downloads/path.svg; sourceTree = "<group>"; };
		122640AC2A04DD12004D11B3 /* GetGithubPublicRepoAPI.swift */ = {isa = PBXFileReference; lastKnownFileType = sourcecode.swift; path = GetGithubPublicRepoAPI.swift; sourceTree = "<group>"; };
		18EA8BA82A0900490053B35A /* en */ = {isa = PBXFileReference; lastKnownFileType = text.plist.strings; name = en; path = en.lproj/Localizable.strings; sourceTree = "<group>"; };
		18EA8BAA2A09007D0053B35A /* da */ = {isa = PBXFileReference; lastKnownFileType = text.plist.strings; name = da; path = da.lproj/Main.strings; sourceTree = "<group>"; };
		18EA8BAB2A09007D0053B35A /* da */ = {isa = PBXFileReference; lastKnownFileType = text.plist.strings; name = da; path = da.lproj/LaunchScreen.strings; sourceTree = "<group>"; };
		18EA8BAC2A09007D0053B35A /* da */ = {isa = PBXFileReference; lastKnownFileType = text.plist.strings; name = da; path = da.lproj/Localizable.strings; sourceTree = "<group>"; };
		522BA336A19AFF2133227EC6 /* Pods_Demo_App_1.framework */ = {isa = PBXFileReference; explicitFileType = wrapper.framework; includeInIndex = 0; path = Pods_Demo_App_1.framework; sourceTree = BUILT_PRODUCTS_DIR; };
		A1E09D4659C9079F94BCA975 /* Pods-Demo App 1.debug.xcconfig */ = {isa = PBXFileReference; includeInIndex = 1; lastKnownFileType = text.xcconfig; name = "Pods-Demo App 1.debug.xcconfig"; path = "Target Support Files/Pods-Demo App 1/Pods-Demo App 1.debug.xcconfig"; sourceTree = "<group>"; };
		DFCF4145487E57043C644143 /* Pods-Demo App 1.release.xcconfig */ = {isa = PBXFileReference; includeInIndex = 1; lastKnownFileType = text.xcconfig; name = "Pods-Demo App 1.release.xcconfig"; path = "Target Support Files/Pods-Demo App 1/Pods-Demo App 1.release.xcconfig"; sourceTree = "<group>"; };
/* End PBXFileReference section */

/* Begin PBXFrameworksBuildPhase section */
		122640732A00F68C004D11B3 /* Frameworks */ = {
			isa = PBXFrameworksBuildPhase;
			buildActionMask = 2147483647;
			files = (
				A399B8EB933C7551076A8E3E /* Pods_Demo_App_1.framework in Frameworks */,
			);
			runOnlyForDeploymentPostprocessing = 0;
		};
/* End PBXFrameworksBuildPhase section */

/* Begin PBXGroup section */
		03C6313A0947DDCFD2BCBF59 /* Frameworks */ = {
			isa = PBXGroup;
			children = (
				522BA336A19AFF2133227EC6 /* Pods_Demo_App_1.framework */,
			);
			name = Frameworks;
			sourceTree = "<group>";
		};
		1226406D2A00F68B004D11B3 = {
			isa = PBXGroup;
			children = (
				122640782A00F68C004D11B3 /* Demo App 1 */,
				122640772A00F68C004D11B3 /* Products */,
				1ACD8F9C3EA8BE55A15ED3F1 /* Pods */,
				03C6313A0947DDCFD2BCBF59 /* Frameworks */,
			);
			sourceTree = "<group>";
		};
		122640772A00F68C004D11B3 /* Products */ = {
			isa = PBXGroup;
			children = (
				122640762A00F68C004D11B3 /* Demo App 1.app */,
			);
			name = Products;
			sourceTree = "<group>";
		};
		122640782A00F68C004D11B3 /* Demo App 1 */ = {
			isa = PBXGroup;
			children = (
				122640A82A03E98E004D11B3 /* path.svg */,
				122640A62A03E98E004D11B3 /* person.svg */,
				122640A72A03E98E004D11B3 /* star.svg */,
				122640A02A03847A004D11B3 /* cross.svg */,
				122640962A029751004D11B3 /* cce.svg */,
				122640952A029751004D11B3 /* ccm.svg */,
				122640792A00F68C004D11B3 /* AppDelegate.swift */,
				1226407B2A00F68C004D11B3 /* SceneDelegate.swift */,
				1226407D2A00F68C004D11B3 /* ViewController.swift */,
				1226407F2A00F68C004D11B3 /* Main.storyboard */,
				122640822A00F68D004D11B3 /* Assets.xcassets */,
				122640842A00F68D004D11B3 /* LaunchScreen.storyboard */,
				122640872A00F68D004D11B3 /* Info.plist */,
				1226408F2A00F77A004D11B3 /* TableViewCell.swift */,
				122640902A00F77A004D11B3 /* TableViewCell.xib */,
				122640932A024622004D11B3 /* SecondaryViewController.swift */,
				122640992A0297B0004D11B3 /* PreferrenceTableViewCell.swift */,
				1226409A2A0297B0004D11B3 /* PreferrenceTableViewCell.xib */,
				122640AC2A04DD12004D11B3 /* GetGithubPublicRepoAPI.swift */,
				18EA8BA92A0900490053B35A /* Localizable.strings */,
			);
			path = "Demo App 1";
			sourceTree = "<group>";
		};
		1ACD8F9C3EA8BE55A15ED3F1 /* Pods */ = {
			isa = PBXGroup;
			children = (
				A1E09D4659C9079F94BCA975 /* Pods-Demo App 1.debug.xcconfig */,
				DFCF4145487E57043C644143 /* Pods-Demo App 1.release.xcconfig */,
			);
			path = Pods;
			sourceTree = "<group>";
		};
/* End PBXGroup section */

/* Begin PBXNativeTarget section */
		122640752A00F68C004D11B3 /* Demo App 1 */ = {
			isa = PBXNativeTarget;
			buildConfigurationList = 1226408A2A00F68D004D11B3 /* Build configuration list for PBXNativeTarget "Demo App 1" */;
			buildPhases = (
				DF5125E0CCE5540C255CDDF2 /* [CP] Check Pods Manifest.lock */,
				122640722A00F68C004D11B3 /* Sources */,
				122640732A00F68C004D11B3 /* Frameworks */,
				122640742A00F68C004D11B3 /* Resources */,
				397FBB245DE01CFA7FB4CF86 /* [CP] Embed Pods Frameworks */,
			);
			buildRules = (
			);
			dependencies = (
			);
			name = "Demo App 1";
			productName = "Demo App 1";
			productReference = 122640762A00F68C004D11B3 /* Demo App 1.app */;
			productType = "com.apple.product-type.application";
		};
/* End PBXNativeTarget section */

/* Begin PBXProject section */
		1226406E2A00F68B004D11B3 /* Project object */ = {
			isa = PBXProject;
			attributes = {
				BuildIndependentTargetsInParallel = 1;
				LastSwiftUpdateCheck = 1400;
				LastUpgradeCheck = 1400;
				TargetAttributes = {
					122640752A00F68C004D11B3 = {
						CreatedOnToolsVersion = 14.0;
					};
				};
			};
			buildConfigurationList = 122640712A00F68B004D11B3 /* Build configuration list for PBXProject "Demo App 1" */;
			compatibilityVersion = "Xcode 14.0";
			developmentRegion = en;
			hasScannedForEncodings = 0;
			knownRegions = (
				en,
				Base,
				da,
			);
			mainGroup = 1226406D2A00F68B004D11B3;
			productRefGroup = 122640772A00F68C004D11B3 /* Products */;
			projectDirPath = "";
			projectRoot = "";
			targets = (
				122640752A00F68C004D11B3 /* Demo App 1 */,
			);
		};
/* End PBXProject section */

/* Begin PBXResourcesBuildPhase section */
		122640742A00F68C004D11B3 /* Resources */ = {
			isa = PBXResourcesBuildPhase;
			buildActionMask = 2147483647;
			files = (
				122640982A029751004D11B3 /* cce.svg in Resources */,
				18EA8BA72A0900490053B35A /* Localizable.strings in Resources */,
				122640A12A03847A004D11B3 /* cross.svg in Resources */,
				122640AA2A03E98E004D11B3 /* star.svg in Resources */,
				122640AB2A03E98E004D11B3 /* path.svg in Resources */,
				122640972A029751004D11B3 /* ccm.svg in Resources */,
				122640862A00F68D004D11B3 /* LaunchScreen.storyboard in Resources */,
				122640922A00F77A004D11B3 /* TableViewCell.xib in Resources */,
				1226409C2A0297B0004D11B3 /* PreferrenceTableViewCell.xib in Resources */,
				122640832A00F68D004D11B3 /* Assets.xcassets in Resources */,
				122640812A00F68C004D11B3 /* Main.storyboard in Resources */,
				122640A92A03E98E004D11B3 /* person.svg in Resources */,
			);
			runOnlyForDeploymentPostprocessing = 0;
		};
/* End PBXResourcesBuildPhase section */

/* Begin PBXShellScriptBuildPhase section */
		397FBB245DE01CFA7FB4CF86 /* [CP] Embed Pods Frameworks */ = {
			isa = PBXShellScriptBuildPhase;
			buildActionMask = 2147483647;
			files = (
			);
			inputFileListPaths = (
				"${PODS_ROOT}/Target Support Files/Pods-Demo App 1/Pods-Demo App 1-frameworks-${CONFIGURATION}-input-files.xcfilelist",
			);
			name = "[CP] Embed Pods Frameworks";
			outputFileListPaths = (
				"${PODS_ROOT}/Target Support Files/Pods-Demo App 1/Pods-Demo App 1-frameworks-${CONFIGURATION}-output-files.xcfilelist",
			);
			runOnlyForDeploymentPostprocessing = 0;
			shellPath = /bin/sh;
			shellScript = "\"${PODS_ROOT}/Target Support Files/Pods-Demo App 1/Pods-Demo App 1-frameworks.sh\"\n";
			showEnvVarsInLog = 0;
		};
		DF5125E0CCE5540C255CDDF2 /* [CP] Check Pods Manifest.lock */ = {
			isa = PBXShellScriptBuildPhase;
			buildActionMask = 2147483647;
			files = (
			);
			inputFileListPaths = (
			);
			inputPaths = (
				"${PODS_PODFILE_DIR_PATH}/Podfile.lock",
				"${PODS_ROOT}/Manifest.lock",
			);
			name = "[CP] Check Pods Manifest.lock";
			outputFileListPaths = (
			);
			outputPaths = (
				"$(DERIVED_FILE_DIR)/Pods-Demo App 1-checkManifestLockResult.txt",
			);
			runOnlyForDeploymentPostprocessing = 0;
			shellPath = /bin/sh;
			shellScript = "diff \"${PODS_PODFILE_DIR_PATH}/Podfile.lock\" \"${PODS_ROOT}/Manifest.lock\" > /dev/null\nif [ $? != 0 ] ; then\n    # print error to STDERR\n    echo \"error: The sandbox is not in sync with the Podfile.lock. Run 'pod install' or update your CocoaPods installation.\" >&2\n    exit 1\nfi\n# This output is used by Xcode 'outputs' to avoid re-running this script phase.\necho \"SUCCESS\" > \"${SCRIPT_OUTPUT_FILE_0}\"\n";
			showEnvVarsInLog = 0;
		};
/* End PBXShellScriptBuildPhase section */

/* Begin PBXSourcesBuildPhase section */
		122640722A00F68C004D11B3 /* Sources */ = {
			isa = PBXSourcesBuildPhase;
			buildActionMask = 2147483647;
			files = (
				1226407E2A00F68C004D11B3 /* ViewController.swift in Sources */,
				122640912A00F77A004D11B3 /* TableViewCell.swift in Sources */,
				1226407A2A00F68C004D11B3 /* AppDelegate.swift in Sources */,
				1226407C2A00F68C004D11B3 /* SceneDelegate.swift in Sources */,
				122640942A024622004D11B3 /* SecondaryViewController.swift in Sources */,
				1226409B2A0297B0004D11B3 /* PreferrenceTableViewCell.swift in Sources */,
				122640AD2A04DD12004D11B3 /* GetGithubPublicRepoAPI.swift in Sources */,
			);
			runOnlyForDeploymentPostprocessing = 0;
		};
/* End PBXSourcesBuildPhase section */

/* Begin PBXVariantGroup section */
		1226407F2A00F68C004D11B3 /* Main.storyboard */ = {
			isa = PBXVariantGroup;
			children = (
				122640802A00F68C004D11B3 /* Base */,
				18EA8BAA2A09007D0053B35A /* da */,
			);
			name = Main.storyboard;
			sourceTree = "<group>";
		};
		122640842A00F68D004D11B3 /* LaunchScreen.storyboard */ = {
			isa = PBXVariantGroup;
			children = (
				122640852A00F68D004D11B3 /* Base */,
				18EA8BAB2A09007D0053B35A /* da */,
			);
			name = LaunchScreen.storyboard;
			sourceTree = "<group>";
		};
		18EA8BA92A0900490053B35A /* Localizable.strings */ = {
			isa = PBXVariantGroup;
			children = (
				18EA8BA82A0900490053B35A /* en */,
				18EA8BAC2A09007D0053B35A /* da */,
			);
			name = Localizable.strings;
			sourceTree = "<group>";
		};
/* End PBXVariantGroup section */

/* Begin XCBuildConfiguration section */
		122640882A00F68D004D11B3 /* Debug */ = {
			isa = XCBuildConfiguration;
			buildSettings = {
				ALWAYS_SEARCH_USER_PATHS = NO;
				CLANG_ANALYZER_LOCALIZABILITY_NONLOCALIZED = YES;
				CLANG_ANALYZER_NONNULL = YES;
				CLANG_ANALYZER_NUMBER_OBJECT_CONVERSION = YES_AGGRESSIVE;
				CLANG_CXX_LANGUAGE_STANDARD = "gnu++20";
				CLANG_ENABLE_MODULES = YES;
				CLANG_ENABLE_OBJC_ARC = YES;
				CLANG_ENABLE_OBJC_WEAK = YES;
				CLANG_WARN_BLOCK_CAPTURE_AUTORELEASING = YES;
				CLANG_WARN_BOOL_CONVERSION = YES;
				CLANG_WARN_COMMA = YES;
				CLANG_WARN_CONSTANT_CONVERSION = YES;
				CLANG_WARN_DEPRECATED_OBJC_IMPLEMENTATIONS = YES;
				CLANG_WARN_DIRECT_OBJC_ISA_USAGE = YES_ERROR;
				CLANG_WARN_DOCUMENTATION_COMMENTS = YES;
				CLANG_WARN_EMPTY_BODY = YES;
				CLANG_WARN_ENUM_CONVERSION = YES;
				CLANG_WARN_INFINITE_RECURSION = YES;
				CLANG_WARN_INT_CONVERSION = YES;
				CLANG_WARN_NON_LITERAL_NULL_CONVERSION = YES;
				CLANG_WARN_OBJC_IMPLICIT_RETAIN_SELF = YES;
				CLANG_WARN_OBJC_LITERAL_CONVERSION = YES;
				CLANG_WARN_OBJC_ROOT_CLASS = YES_ERROR;
				CLANG_WARN_QUOTED_INCLUDE_IN_FRAMEWORK_HEADER = YES;
				CLANG_WARN_RANGE_LOOP_ANALYSIS = YES;
				CLANG_WARN_STRICT_PROTOTYPES = YES;
				CLANG_WARN_SUSPICIOUS_MOVE = YES;
				CLANG_WARN_UNGUARDED_AVAILABILITY = YES_AGGRESSIVE;
				CLANG_WARN_UNREACHABLE_CODE = YES;
				CLANG_WARN__DUPLICATE_METHOD_MATCH = YES;
				COPY_PHASE_STRIP = NO;
				DEBUG_INFORMATION_FORMAT = dwarf;
				ENABLE_STRICT_OBJC_MSGSEND = YES;
				ENABLE_TESTABILITY = YES;
				GCC_C_LANGUAGE_STANDARD = gnu11;
				GCC_DYNAMIC_NO_PIC = NO;
				GCC_NO_COMMON_BLOCKS = YES;
				GCC_OPTIMIZATION_LEVEL = 0;
				GCC_PREPROCESSOR_DEFINITIONS = (
					"DEBUG=1",
					"$(inherited)",
				);
				GCC_WARN_64_TO_32_BIT_CONVERSION = YES;
				GCC_WARN_ABOUT_RETURN_TYPE = YES_ERROR;
				GCC_WARN_UNDECLARED_SELECTOR = YES;
				GCC_WARN_UNINITIALIZED_AUTOS = YES_AGGRESSIVE;
				GCC_WARN_UNUSED_FUNCTION = YES;
				GCC_WARN_UNUSED_VARIABLE = YES;
				IPHONEOS_DEPLOYMENT_TARGET = 16.0;
				MTL_ENABLE_DEBUG_INFO = INCLUDE_SOURCE;
				MTL_FAST_MATH = YES;
				ONLY_ACTIVE_ARCH = YES;
				SDKROOT = iphoneos;
				SWIFT_ACTIVE_COMPILATION_CONDITIONS = DEBUG;
				SWIFT_OPTIMIZATION_LEVEL = "-Onone";
			};
			name = Debug;
		};
		122640892A00F68D004D11B3 /* Release */ = {
			isa = XCBuildConfiguration;
			buildSettings = {
				ALWAYS_SEARCH_USER_PATHS = NO;
				CLANG_ANALYZER_LOCALIZABILITY_NONLOCALIZED = YES;
				CLANG_ANALYZER_NONNULL = YES;
				CLANG_ANALYZER_NUMBER_OBJECT_CONVERSION = YES_AGGRESSIVE;
				CLANG_CXX_LANGUAGE_STANDARD = "gnu++20";
				CLANG_ENABLE_MODULES = YES;
				CLANG_ENABLE_OBJC_ARC = YES;
				CLANG_ENABLE_OBJC_WEAK = YES;
				CLANG_WARN_BLOCK_CAPTURE_AUTORELEASING = YES;
				CLANG_WARN_BOOL_CONVERSION = YES;
				CLANG_WARN_COMMA = YES;
				CLANG_WARN_CONSTANT_CONVERSION = YES;
				CLANG_WARN_DEPRECATED_OBJC_IMPLEMENTATIONS = YES;
				CLANG_WARN_DIRECT_OBJC_ISA_USAGE = YES_ERROR;
				CLANG_WARN_DOCUMENTATION_COMMENTS = YES;
				CLANG_WARN_EMPTY_BODY = YES;
				CLANG_WARN_ENUM_CONVERSION = YES;
				CLANG_WARN_INFINITE_RECURSION = YES;
				CLANG_WARN_INT_CONVERSION = YES;
				CLANG_WARN_NON_LITERAL_NULL_CONVERSION = YES;
				CLANG_WARN_OBJC_IMPLICIT_RETAIN_SELF = YES;
				CLANG_WARN_OBJC_LITERAL_CONVERSION = YES;
				CLANG_WARN_OBJC_ROOT_CLASS = YES_ERROR;
				CLANG_WARN_QUOTED_INCLUDE_IN_FRAMEWORK_HEADER = YES;
				CLANG_WARN_RANGE_LOOP_ANALYSIS = YES;
				CLANG_WARN_STRICT_PROTOTYPES = YES;
				CLANG_WARN_SUSPICIOUS_MOVE = YES;
				CLANG_WARN_UNGUARDED_AVAILABILITY = YES_AGGRESSIVE;
				CLANG_WARN_UNREACHABLE_CODE = YES;
				CLANG_WARN__DUPLICATE_METHOD_MATCH = YES;
				COPY_PHASE_STRIP = NO;
				DEBUG_INFORMATION_FORMAT = "dwarf-with-dsym";
				ENABLE_NS_ASSERTIONS = NO;
				ENABLE_STRICT_OBJC_MSGSEND = YES;
				GCC_C_LANGUAGE_STANDARD = gnu11;
				GCC_NO_COMMON_BLOCKS = YES;
				GCC_WARN_64_TO_32_BIT_CONVERSION = YES;
				GCC_WARN_ABOUT_RETURN_TYPE = YES_ERROR;
				GCC_WARN_UNDECLARED_SELECTOR = YES;
				GCC_WARN_UNINITIALIZED_AUTOS = YES_AGGRESSIVE;
				GCC_WARN_UNUSED_FUNCTION = YES;
				GCC_WARN_UNUSED_VARIABLE = YES;
				IPHONEOS_DEPLOYMENT_TARGET = 16.0;
				MTL_ENABLE_DEBUG_INFO = NO;
				MTL_FAST_MATH = YES;
				SDKROOT = iphoneos;
				SWIFT_COMPILATION_MODE = wholemodule;
				SWIFT_OPTIMIZATION_LEVEL = "-O";
				VALIDATE_PRODUCT = YES;
			};
			name = Release;
		};
		1226408B2A00F68D004D11B3 /* Debug */ = {
			isa = XCBuildConfiguration;
			baseConfigurationReference = A1E09D4659C9079F94BCA975 /* Pods-Demo App 1.debug.xcconfig */;
			buildSettings = {
				ASSETCATALOG_COMPILER_APPICON_NAME = AppIcon;
				ASSETCATALOG_COMPILER_GLOBAL_ACCENT_COLOR_NAME = AccentColor;
				CODE_SIGN_STYLE = Automatic;
				CURRENT_PROJECT_VERSION = 1;
				GENERATE_INFOPLIST_FILE = YES;
				INFOPLIST_FILE = "Demo App 1/Info.plist";
				INFOPLIST_KEY_UIApplicationSupportsIndirectInputEvents = YES;
				INFOPLIST_KEY_UILaunchStoryboardName = LaunchScreen;
				INFOPLIST_KEY_UIMainStoryboardFile = Main;
				INFOPLIST_KEY_UISupportedInterfaceOrientations_iPad = "UIInterfaceOrientationPortrait UIInterfaceOrientationPortraitUpsideDown UIInterfaceOrientationLandscapeLeft UIInterfaceOrientationLandscapeRight";
				INFOPLIST_KEY_UISupportedInterfaceOrientations_iPhone = "UIInterfaceOrientationPortrait UIInterfaceOrientationLandscapeLeft UIInterfaceOrientationLandscapeRight";
				LD_RUNPATH_SEARCH_PATHS = (
					"$(inherited)",
					"@executable_path/Frameworks",
				);
				MARKETING_VERSION = 1.0;
				PRODUCT_BUNDLE_IDENTIFIER = "com.testcompany.testproject.Demo-App-1";
				PRODUCT_NAME = "$(TARGET_NAME)";
				SWIFT_EMIT_LOC_STRINGS = YES;
				SWIFT_VERSION = 5.0;
				TARGETED_DEVICE_FAMILY = "1,2";
			};
			name = Debug;
		};
		1226408C2A00F68D004D11B3 /* Release */ = {
			isa = XCBuildConfiguration;
			baseConfigurationReference = DFCF4145487E57043C644143 /* Pods-Demo App 1.release.xcconfig */;
			buildSettings = {
				ASSETCATALOG_COMPILER_APPICON_NAME = AppIcon;
				ASSETCATALOG_COMPILER_GLOBAL_ACCENT_COLOR_NAME = AccentColor;
				CODE_SIGN_STYLE = Automatic;
				CURRENT_PROJECT_VERSION = 1;
				GENERATE_INFOPLIST_FILE = YES;
				INFOPLIST_FILE = "Demo App 1/Info.plist";
				INFOPLIST_KEY_UIApplicationSupportsIndirectInputEvents = YES;
				INFOPLIST_KEY_UILaunchStoryboardName = LaunchScreen;
				INFOPLIST_KEY_UIMainStoryboardFile = Main;
				INFOPLIST_KEY_UISupportedInterfaceOrientations_iPad = "UIInterfaceOrientationPortrait UIInterfaceOrientationPortraitUpsideDown UIInterfaceOrientationLandscapeLeft UIInterfaceOrientationLandscapeRight";
				INFOPLIST_KEY_UISupportedInterfaceOrientations_iPhone = "UIInterfaceOrientationPortrait UIInterfaceOrientationLandscapeLeft UIInterfaceOrientationLandscapeRight";
				LD_RUNPATH_SEARCH_PATHS = (
					"$(inherited)",
					"@executable_path/Frameworks",
				);
				MARKETING_VERSION = 1.0;
				PRODUCT_BUNDLE_IDENTIFIER = "com.testcompany.testproject.Demo-App-1";
				PRODUCT_NAME = "$(TARGET_NAME)";
				SWIFT_EMIT_LOC_STRINGS = YES;
				SWIFT_VERSION = 5.0;
				TARGETED_DEVICE_FAMILY = "1,2";
			};
			name = Release;
		};
/* End XCBuildConfiguration section */

/* Begin XCConfigurationList section */
		122640712A00F68B004D11B3 /* Build configuration list for PBXProject "Demo App 1" */ = {
			isa = XCConfigurationList;
			buildConfigurations = (
				122640882A00F68D004D11B3 /* Debug */,
				122640892A00F68D004D11B3 /* Release */,
			);
			defaultConfigurationIsVisible = 0;
			defaultConfigurationName = Release;
		};
		1226408A2A00F68D004D11B3 /* Build configuration list for PBXNativeTarget "Demo App 1" */ = {
			isa = XCConfigurationList;
			buildConfigurations = (
				1226408B2A00F68D004D11B3 /* Debug */,
				1226408C2A00F68D004D11B3 /* Release */,
			);
			defaultConfigurationIsVisible = 0;
			defaultConfigurationName = Release;
		};
/* End XCConfigurationList section */
	};
	rootObject = 1226406E2A00F68B004D11B3 /* Project object */;
}
